
Microsoft Visual Studio Solution File, Format Version 12.00
# Visual Studio Version 16
VisualStudioVersion = 16.0.30503.244
MinimumVisualStudioVersion = 10.0.40219.1
Project("{FAE04EC0-301F-11D3-BF4B-00C04F79EFBC}") = "CSharpLabi", "CSharpLabi\CSharpLabi.csproj", "{5DCB7603-F198-4656-BEC4-315571BCF8DD}"
EndProject
Project("{2150E333-8FDC-42A3-9474-1A3956D46DE8}") = "Laba1", "Laba1", "{0C4BDFAD-2A6E-418D-924E-73BB00AC4F9C}"
EndProject
Project("{2150E333-8FDC-42A3-9474-1A3956D46DE8}") = "View", "View", "{C1D1B760-FBD0-4D47-92F5-679970F80F8B}"
EndProject
Project("{2150E333-8FDC-42A3-9474-1A3956D46DE8}") = "Model", "Model", "{96A843C2-48E3-42F6-ABB8-2390DE6AF3CF}"
EndProject
Project("{FAE04EC0-301F-11D3-BF4B-00C04F79EFBC}") = "SquareModel", "SquareModel\SquareModel.csproj", "{5D3A8667-419C-4470-8261-C7DCE2101DFD}"
EndProject
Project("{FAE04EC0-301F-11D3-BF4B-00C04F79EFBC}") = "SquareView", "SquareView\SquareView.csproj", "{2E97935F-9C8F-4306-89D1-FD56EB1FC0EF}"
EndProject
Project("{2150E333-8FDC-42A3-9474-1A3956D46DE8}") = "Laba2", "Laba2", "{ED593AE8-4715-43A3-AF18-63B3F511CFD1}"
EndProject
Project("{2150E333-8FDC-42A3-9474-1A3956D46DE8}") = "Model", "Model", "{25B7F7F9-A0FE-47D1-90AD-A026897FE109}"
EndProject
Project("{2150E333-8FDC-42A3-9474-1A3956D46DE8}") = "View", "View", "{D022254E-6761-42ED-A08A-622C929548E6}"
EndProject
Project("{FAE04EC0-301F-11D3-BF4B-00C04F79EFBC}") = "ExamModel", "ExamModel\ExamModel.csproj", "{A3F1E2FF-874D-41EE-B14B-92735D65DCD9}"
EndProject
Project("{FAE04EC0-301F-11D3-BF4B-00C04F79EFBC}") = "ExamView", "ExamView\ExamView.csproj", "{0AC9E7D1-09D7-41FC-B1C3-FB9BD2B7CE49}"
EndProject
Project("{2150E333-8FDC-42A3-9474-1A3956D46DE8}") = "Laba3", "Laba3", "{A6AD66BF-495B-4311-8435-854F31B076C5}"
EndProject
Project("{2150E333-8FDC-42A3-9474-1A3956D46DE8}") = "Model", "Model", "{160287FC-941D-44CE-A5C1-52B52BBDE959}"
EndProject
Project("{2150E333-8FDC-42A3-9474-1A3956D46DE8}") = "View", "View", "{959E8B1A-789C-45C0-BFD0-A1C98CA9E7D9}"
EndProject
Project("{FAE04EC0-301F-11D3-BF4B-00C04F79EFBC}") = "ShipModel", "ShipModel\ShipModel.csproj", "{E7135F3F-27EF-4FE5-BB6A-D82DB457BF7C}"
EndProject
Project("{FAE04EC0-301F-11D3-BF4B-00C04F79EFBC}") = "ShipView", "ShipView\ShipView.csproj", "{394227E0-A54A-49B3-80E3-E3FC26617C59}"
EndProject
Project("{2150E333-8FDC-42A3-9474-1A3956D46DE8}") = "Laba4", "Laba4", "{EDBDF584-763E-4B5E-8BAC-00ED7917A5A6}"
EndProject
Project("{2150E333-8FDC-42A3-9474-1A3956D46DE8}") = "Model", "Model", "{B7CC9459-7F5A-4531-8AF9-9872896B5EF8}"
EndProject
Project("{2150E333-8FDC-42A3-9474-1A3956D46DE8}") = "View", "View", "{DC114DD7-E19B-4577-9285-79D615C24CAE}"
EndProject
Project("{FAE04EC0-301F-11D3-BF4B-00C04F79EFBC}") = "ShipsModel", "ShipsModel\ShipsModel.csproj", "{6523EF52-C8E8-4965-9E53-3E6B24E09B29}"
EndProject
Project("{FAE04EC0-301F-11D3-BF4B-00C04F79EFBC}") = "ShipsView", "ShipsView\ShipsView.csproj", "{A42848D9-5CC9-456F-B138-BED7CDA25565}"
EndProject
Global
	GlobalSection(SolutionConfigurationPlatforms) = preSolution
		Debug|Any CPU = Debug|Any CPU
		Release|Any CPU = Release|Any CPU
	EndGlobalSection
	GlobalSection(ProjectConfigurationPlatforms) = postSolution
		{5DCB7603-F198-4656-BEC4-315571BCF8DD}.Debug|Any CPU.ActiveCfg = Debug|Any CPU
		{5DCB7603-F198-4656-BEC4-315571BCF8DD}.Release|Any CPU.ActiveCfg = Release|Any CPU
		{5DCB7603-F198-4656-BEC4-315571BCF8DD}.Release|Any CPU.Build.0 = Release|Any CPU
		{5D3A8667-419C-4470-8261-C7DCE2101DFD}.Debug|Any CPU.ActiveCfg = Debug|Any CPU
		{5D3A8667-419C-4470-8261-C7DCE2101DFD}.Debug|Any CPU.Build.0 = Debug|Any CPU
		{5D3A8667-419C-4470-8261-C7DCE2101DFD}.Release|Any CPU.ActiveCfg = Release|Any CPU
		{5D3A8667-419C-4470-8261-C7DCE2101DFD}.Release|Any CPU.Build.0 = Release|Any CPU
		{2E97935F-9C8F-4306-89D1-FD56EB1FC0EF}.Debug|Any CPU.ActiveCfg = Debug|Any CPU
		{2E97935F-9C8F-4306-89D1-FD56EB1FC0EF}.Debug|Any CPU.Build.0 = Debug|Any CPU
		{2E97935F-9C8F-4306-89D1-FD56EB1FC0EF}.Release|Any CPU.ActiveCfg = Release|Any CPU
		{2E97935F-9C8F-4306-89D1-FD56EB1FC0EF}.Release|Any CPU.Build.0 = Release|Any CPU
		{A3F1E2FF-874D-41EE-B14B-92735D65DCD9}.Debug|Any CPU.ActiveCfg = Debug|Any CPU
		{A3F1E2FF-874D-41EE-B14B-92735D65DCD9}.Debug|Any CPU.Build.0 = Debug|Any CPU
		{A3F1E2FF-874D-41EE-B14B-92735D65DCD9}.Release|Any CPU.ActiveCfg = Release|Any CPU
		{A3F1E2FF-874D-41EE-B14B-92735D65DCD9}.Release|Any CPU.Build.0 = Release|Any CPU
		{0AC9E7D1-09D7-41FC-B1C3-FB9BD2B7CE49}.Debug|Any CPU.ActiveCfg = Debug|Any CPU
		{0AC9E7D1-09D7-41FC-B1C3-FB9BD2B7CE49}.Debug|Any CPU.Build.0 = Debug|Any CPU
		{0AC9E7D1-09D7-41FC-B1C3-FB9BD2B7CE49}.Release|Any CPU.ActiveCfg = Release|Any CPU
		{0AC9E7D1-09D7-41FC-B1C3-FB9BD2B7CE49}.Release|Any CPU.Build.0 = Release|Any CPU
		{E7135F3F-27EF-4FE5-BB6A-D82DB457BF7C}.Debug|Any CPU.ActiveCfg = Debug|Any CPU
		{E7135F3F-27EF-4FE5-BB6A-D82DB457BF7C}.Debug|Any CPU.Build.0 = Debug|Any CPU
		{E7135F3F-27EF-4FE5-BB6A-D82DB457BF7C}.Release|Any CPU.ActiveCfg = Release|Any CPU
		{E7135F3F-27EF-4FE5-BB6A-D82DB457BF7C}.Release|Any CPU.Build.0 = Release|Any CPU
		{394227E0-A54A-49B3-80E3-E3FC26617C59}.Debug|Any CPU.ActiveCfg = Debug|Any CPU
		{394227E0-A54A-49B3-80E3-E3FC26617C59}.Debug|Any CPU.Build.0 = Debug|Any CPU
		{394227E0-A54A-49B3-80E3-E3FC26617C59}.Release|Any CPU.ActiveCfg = Release|Any CPU
		{394227E0-A54A-49B3-80E3-E3FC26617C59}.Release|Any CPU.Build.0 = Release|Any CPU
		{6523EF52-C8E8-4965-9E53-3E6B24E09B29}.Debug|Any CPU.ActiveCfg = Debug|Any CPU
		{6523EF52-C8E8-4965-9E53-3E6B24E09B29}.Debug|Any CPU.Build.0 = Debug|Any CPU
		{6523EF52-C8E8-4965-9E53-3E6B24E09B29}.Release|Any CPU.ActiveCfg = Release|Any CPU
		{6523EF52-C8E8-4965-9E53-3E6B24E09B29}.Release|Any CPU.Build.0 = Release|Any CPU
		{A42848D9-5CC9-456F-B138-BED7CDA25565}.Debug|Any CPU.ActiveCfg = Debug|Any CPU
		{A42848D9-5CC9-456F-B138-BED7CDA25565}.Debug|Any CPU.Build.0 = Debug|Any CPU
		{A42848D9-5CC9-456F-B138-BED7CDA25565}.Release|Any CPU.ActiveCfg = Release|Any CPU
		{A42848D9-5CC9-456F-B138-BED7CDA25565}.Release|Any CPU.Build.0 = Release|Any CPU
	EndGlobalSection
	GlobalSection(SolutionProperties) = preSolution
		HideSolutionNode = FALSE
	EndGlobalSection
	GlobalSection(NestedProjects) = preSolution
		{C1D1B760-FBD0-4D47-92F5-679970F80F8B} = {0C4BDFAD-2A6E-418D-924E-73BB00AC4F9C}
		{96A843C2-48E3-42F6-ABB8-2390DE6AF3CF} = {0C4BDFAD-2A6E-418D-924E-73BB00AC4F9C}
		{5D3A8667-419C-4470-8261-C7DCE2101DFD} = {96A843C2-48E3-42F6-ABB8-2390DE6AF3CF}
		{2E97935F-9C8F-4306-89D1-FD56EB1FC0EF} = {C1D1B760-FBD0-4D47-92F5-679970F80F8B}
		{25B7F7F9-A0FE-47D1-90AD-A026897FE109} = {ED593AE8-4715-43A3-AF18-63B3F511CFD1}
		{D022254E-6761-42ED-A08A-622C929548E6} = {ED593AE8-4715-43A3-AF18-63B3F511CFD1}
		{A3F1E2FF-874D-41EE-B14B-92735D65DCD9} = {25B7F7F9-A0FE-47D1-90AD-A026897FE109}
		{0AC9E7D1-09D7-41FC-B1C3-FB9BD2B7CE49} = {D022254E-6761-42ED-A08A-622C929548E6}
		{160287FC-941D-44CE-A5C1-52B52BBDE959} = {A6AD66BF-495B-4311-8435-854F31B076C5}
		{959E8B1A-789C-45C0-BFD0-A1C98CA9E7D9} = {A6AD66BF-495B-4311-8435-854F31B076C5}
		{E7135F3F-27EF-4FE5-BB6A-D82DB457BF7C} = {160287FC-941D-44CE-A5C1-52B52BBDE959}
		{394227E0-A54A-49B3-80E3-E3FC26617C59} = {959E8B1A-789C-45C0-BFD0-A1C98CA9E7D9}
		{B7CC9459-7F5A-4531-8AF9-9872896B5EF8} = {EDBDF584-763E-4B5E-8BAC-00ED7917A5A6}
		{DC114DD7-E19B-4577-9285-79D615C24CAE} = {EDBDF584-763E-4B5E-8BAC-00ED7917A5A6}
		{6523EF52-C8E8-4965-9E53-3E6B24E09B29} = {B7CC9459-7F5A-4531-8AF9-9872896B5EF8}
		{A42848D9-5CC9-456F-B138-BED7CDA25565} = {DC114DD7-E19B-4577-9285-79D615C24CAE}
	EndGlobalSection
	GlobalSection(ExtensibilityGlobals) = postSolution
		SolutionGuid = {79E38BB9-645C-4944-815C-A9A804015D35}
	EndGlobalSection
EndGlobal
